
Microsoft Visual Studio Solution File, Format Version 12.00
# Visual Studio Version 16
VisualStudioVersion = 16.0.29709.97
MinimumVisualStudioVersion = 10.0.40219.1
Project("{FAE04EC0-301F-11D3-BF4B-00C04F79EFBC}") = "delegate_act4", "delegate_act4\delegate_act4.csproj", "{A5016097-0B3E-4008-ABF6-05B5976EFD05}"
EndProject
Global
	GlobalSection(SolutionConfigurationPlatforms) = preSolution
		Debug|Any CPU = Debug|Any CPU
		Release|Any CPU = Release|Any CPU
	EndGlobalSection
	GlobalSection(ProjectConfigurationPlatforms) = postSolution
		{A5016097-0B3E-4008-ABF6-05B5976EFD05}.Debug|Any CPU.ActiveCfg = Debug|Any CPU
		{A5016097-0B3E-4008-ABF6-05B5976EFD05}.Debug|Any CPU.Build.0 = Debug|Any CPU
		{A5016097-0B3E-4008-ABF6-05B5976EFD05}.Release|Any CPU.ActiveCfg = Release|Any CPU
		{A5016097-0B3E-4008-ABF6-05B5976EFD05}.Release|Any CPU.Build.0 = Release|Any CPU
	EndGlobalSection
	GlobalSection(SolutionProperties) = preSolution
		HideSolutionNode = FALSE
	EndGlobalSection
	GlobalSection(ExtensibilityGlobals) = postSolution
		SolutionGuid = {3A1C9367-7895-475A-91B4-CCC99C711043}
	EndGlobalSection
EndGlobal
