
Microsoft Visual Studio Solution File, Format Version 12.00
# Visual Studio Version 16
VisualStudioVersion = 16.0.29709.97
MinimumVisualStudioVersion = 10.0.40219.1
Project("{FAE04EC0-301F-11D3-BF4B-00C04F79EFBC}") = "delegate2", "delegate2\delegate2.csproj", "{2DFA3E18-3030-414C-851A-93C211E93179}"
EndProject
Global
	GlobalSection(SolutionConfigurationPlatforms) = preSolution
		Debug|Any CPU = Debug|Any CPU
		Release|Any CPU = Release|Any CPU
	EndGlobalSection
	GlobalSection(ProjectConfigurationPlatforms) = postSolution
		{2DFA3E18-3030-414C-851A-93C211E93179}.Debug|Any CPU.ActiveCfg = Debug|Any CPU
		{2DFA3E18-3030-414C-851A-93C211E93179}.Debug|Any CPU.Build.0 = Debug|Any CPU
		{2DFA3E18-3030-414C-851A-93C211E93179}.Release|Any CPU.ActiveCfg = Release|Any CPU
		{2DFA3E18-3030-414C-851A-93C211E93179}.Release|Any CPU.Build.0 = Release|Any CPU
	EndGlobalSection
	GlobalSection(SolutionProperties) = preSolution
		HideSolutionNode = FALSE
	EndGlobalSection
	GlobalSection(ExtensibilityGlobals) = postSolution
		SolutionGuid = {A5B9371D-55E6-4350-B4B2-2A34D71AFED3}
	EndGlobalSection
EndGlobal
