
Microsoft Visual Studio Solution File, Format Version 12.00
# Visual Studio Version 16
VisualStudioVersion = 16.0.29709.97
MinimumVisualStudioVersion = 10.0.40219.1
Project("{FAE04EC0-301F-11D3-BF4B-00C04F79EFBC}") = "Delegate1", "Delegate1\Delegate1.csproj", "{5CBAEAAE-8EEA-44D9-9BA2-B55CF3D2CCA9}"
EndProject
Global
	GlobalSection(SolutionConfigurationPlatforms) = preSolution
		Debug|Any CPU = Debug|Any CPU
		Release|Any CPU = Release|Any CPU
	EndGlobalSection
	GlobalSection(ProjectConfigurationPlatforms) = postSolution
		{5CBAEAAE-8EEA-44D9-9BA2-B55CF3D2CCA9}.Debug|Any CPU.ActiveCfg = Debug|Any CPU
		{5CBAEAAE-8EEA-44D9-9BA2-B55CF3D2CCA9}.Debug|Any CPU.Build.0 = Debug|Any CPU
		{5CBAEAAE-8EEA-44D9-9BA2-B55CF3D2CCA9}.Release|Any CPU.ActiveCfg = Release|Any CPU
		{5CBAEAAE-8EEA-44D9-9BA2-B55CF3D2CCA9}.Release|Any CPU.Build.0 = Release|Any CPU
	EndGlobalSection
	GlobalSection(SolutionProperties) = preSolution
		HideSolutionNode = FALSE
	EndGlobalSection
	GlobalSection(ExtensibilityGlobals) = postSolution
		SolutionGuid = {DF051ECF-53CF-4762-8B26-9CB6AC9D4214}
	EndGlobalSection
EndGlobal
