
Microsoft Visual Studio Solution File, Format Version 12.00
# Visual Studio Version 16
VisualStudioVersion = 16.0.29709.97
MinimumVisualStudioVersion = 10.0.40219.1
Project("{FAE04EC0-301F-11D3-BF4B-00C04F79EFBC}") = "Delegate3", "Delegate3\Delegate3.csproj", "{1053749D-7368-4C7B-95DF-AD349D740FFC}"
EndProject
Global
	GlobalSection(SolutionConfigurationPlatforms) = preSolution
		Debug|Any CPU = Debug|Any CPU
		Release|Any CPU = Release|Any CPU
	EndGlobalSection
	GlobalSection(ProjectConfigurationPlatforms) = postSolution
		{1053749D-7368-4C7B-95DF-AD349D740FFC}.Debug|Any CPU.ActiveCfg = Debug|Any CPU
		{1053749D-7368-4C7B-95DF-AD349D740FFC}.Debug|Any CPU.Build.0 = Debug|Any CPU
		{1053749D-7368-4C7B-95DF-AD349D740FFC}.Release|Any CPU.ActiveCfg = Release|Any CPU
		{1053749D-7368-4C7B-95DF-AD349D740FFC}.Release|Any CPU.Build.0 = Release|Any CPU
	EndGlobalSection
	GlobalSection(SolutionProperties) = preSolution
		HideSolutionNode = FALSE
	EndGlobalSection
	GlobalSection(ExtensibilityGlobals) = postSolution
		SolutionGuid = {194BD41E-82D8-4EF6-A639-997543D7C39B}
	EndGlobalSection
EndGlobal
