
Microsoft Visual Studio Solution File, Format Version 12.00
# Visual Studio Version 16
VisualStudioVersion = 16.0.29709.97
MinimumVisualStudioVersion = 10.0.40219.1
Project("{FAE04EC0-301F-11D3-BF4B-00C04F79EFBC}") = "delegate_act1", "delegate_act1\delegate_act1.csproj", "{0908B3E9-E518-4AE0-9DCE-836A13898916}"
EndProject
Global
	GlobalSection(SolutionConfigurationPlatforms) = preSolution
		Debug|Any CPU = Debug|Any CPU
		Release|Any CPU = Release|Any CPU
	EndGlobalSection
	GlobalSection(ProjectConfigurationPlatforms) = postSolution
		{0908B3E9-E518-4AE0-9DCE-836A13898916}.Debug|Any CPU.ActiveCfg = Debug|Any CPU
		{0908B3E9-E518-4AE0-9DCE-836A13898916}.Debug|Any CPU.Build.0 = Debug|Any CPU
		{0908B3E9-E518-4AE0-9DCE-836A13898916}.Release|Any CPU.ActiveCfg = Release|Any CPU
		{0908B3E9-E518-4AE0-9DCE-836A13898916}.Release|Any CPU.Build.0 = Release|Any CPU
	EndGlobalSection
	GlobalSection(SolutionProperties) = preSolution
		HideSolutionNode = FALSE
	EndGlobalSection
	GlobalSection(ExtensibilityGlobals) = postSolution
		SolutionGuid = {1E7C0E1C-8DB2-4B5C-9B37-7622FD8ABF16}
	EndGlobalSection
EndGlobal
