
Microsoft Visual Studio Solution File, Format Version 12.00
# Visual Studio Version 16
VisualStudioVersion = 16.0.29709.97
MinimumVisualStudioVersion = 10.0.40219.1
Project("{FAE04EC0-301F-11D3-BF4B-00C04F79EFBC}") = "delegate_act4", "delegate_act4\delegate_act4.csproj", "{FEAF1D62-6910-4F25-B214-50EE25B17757}"
EndProject
Global
	GlobalSection(SolutionConfigurationPlatforms) = preSolution
		Debug|Any CPU = Debug|Any CPU
		Release|Any CPU = Release|Any CPU
	EndGlobalSection
	GlobalSection(ProjectConfigurationPlatforms) = postSolution
		{FEAF1D62-6910-4F25-B214-50EE25B17757}.Debug|Any CPU.ActiveCfg = Debug|Any CPU
		{FEAF1D62-6910-4F25-B214-50EE25B17757}.Debug|Any CPU.Build.0 = Debug|Any CPU
		{FEAF1D62-6910-4F25-B214-50EE25B17757}.Release|Any CPU.ActiveCfg = Release|Any CPU
		{FEAF1D62-6910-4F25-B214-50EE25B17757}.Release|Any CPU.Build.0 = Release|Any CPU
	EndGlobalSection
	GlobalSection(SolutionProperties) = preSolution
		HideSolutionNode = FALSE
	EndGlobalSection
	GlobalSection(ExtensibilityGlobals) = postSolution
		SolutionGuid = {90A3029E-CCEA-45AD-B4C6-8962B4AD31AA}
	EndGlobalSection
EndGlobal
