
Microsoft Visual Studio Solution File, Format Version 12.00
# Visual Studio Version 16
VisualStudioVersion = 16.0.29709.97
MinimumVisualStudioVersion = 10.0.40219.1
Project("{FAE04EC0-301F-11D3-BF4B-00C04F79EFBC}") = "delegate_act2", "delegate_act2\delegate_act2.csproj", "{98C0F9F1-D78A-46B3-9CF6-5D7D4718DE0A}"
EndProject
Global
	GlobalSection(SolutionConfigurationPlatforms) = preSolution
		Debug|Any CPU = Debug|Any CPU
		Release|Any CPU = Release|Any CPU
	EndGlobalSection
	GlobalSection(ProjectConfigurationPlatforms) = postSolution
		{98C0F9F1-D78A-46B3-9CF6-5D7D4718DE0A}.Debug|Any CPU.ActiveCfg = Debug|Any CPU
		{98C0F9F1-D78A-46B3-9CF6-5D7D4718DE0A}.Debug|Any CPU.Build.0 = Debug|Any CPU
		{98C0F9F1-D78A-46B3-9CF6-5D7D4718DE0A}.Release|Any CPU.ActiveCfg = Release|Any CPU
		{98C0F9F1-D78A-46B3-9CF6-5D7D4718DE0A}.Release|Any CPU.Build.0 = Release|Any CPU
	EndGlobalSection
	GlobalSection(SolutionProperties) = preSolution
		HideSolutionNode = FALSE
	EndGlobalSection
	GlobalSection(ExtensibilityGlobals) = postSolution
		SolutionGuid = {5B300AA7-957C-4D73-A775-4E84F2167816}
	EndGlobalSection
EndGlobal
